{
    "_readme": [
        "This file locks the dependencies of your project to a known state",
        "Read more about it at https://getcomposer.org/doc/01-basic-usage.md#composer-lock-the-lock-file",
        "This file is @generated automatically"
    ],
    "hash": "aef6f1a33a28c561d5753684209bc09a",
    "packages": [
        {
            "name": "electrolinux/phpquery",
            "version": "0.9.6",
            "source": {
                "type": "git",
                "url": "https://github.com/electrolinux/phpquery.git",
                "reference": "6cb8afcfe8cd4ce45f2f8c27d561383037c27a3a"
            },
            "dist": {
                "type": "zip",
                "url": "https://api.github.com/repos/electrolinux/phpquery/zipball/6cb8afcfe8cd4ce45f2f8c27d561383037c27a3a",
                "reference": "6cb8afcfe8cd4ce45f2f8c27d561383037c27a3a",
                "shasum": ""
            },
            "type": "library",
            "autoload": {
                "classmap": [
                    "phpQuery/"
                ]
            },
            "notification-url": "https://packagist.org/downloads/",
            "license": [
                "MIT"
            ],
            "authors": [
                {
                    "name": "Tobiasz Cudnik",
                    "email": "tobiasz.cudnik@gmail.com",
                    "homepage": "https://github.com/TobiaszCudnik",
                    "role": "Developer"
                },
                {
                    "name": "didier Belot",
                    "role": "Packager"
                }
            ],
            "description": "phpQuery is a server-side, chainable, CSS3 selector driven Document Object Model (DOM) API based on jQuery JavaScript Library",
            "homepage": "http://code.google.com/p/phpquery/",
            "time": "2013-03-21 12:39:33"
        },
        {
            "name": "simplonphp/simplonphp",
            "version": "dev-master",
            "source": {
                "type": "git",
                "url": "https://github.com/SimplOnPHP/SimplOnPHP.git",
                "reference": "23d3aa520067bbe96a14228fb276bbc37486bdf7"
            },
            "dist": {
                "type": "zip",
                "url": "https://api.github.com/repos/SimplOnPHP/SimplOnPHP/zipball/23d3aa520067bbe96a14228fb276bbc37486bdf7",
                "reference": "23d3aa520067bbe96a14228fb276bbc37486bdf7",
                "shasum": ""
            },
            "require": {
                "electrolinux/phpquery": "0.9.6",
                "php": ">=5.3"
            },
            "type": "library",
            "autoload": {
                "psr-4": {
                    "SimplOn\\": "src/SimplOn/"
                }
            },
            "notification-url": "https://packagist.org/downloads/",
            "license": [
                "GPL v3"
            ],
            "description": "The SimplOn PHP Framework",
            "homepage": "http://simplonphp.com",
            "keywords": [
                "framework"
            ],
            "time": "2015-07-23 06:28:28"
        }
    ],
    "packages-dev": [],
    "aliases": [],
    "minimum-stability": "stable",
    "stability-flags": {
        "simplonphp/simplonphp": 20
    },
    "prefer-stable": false,
    "prefer-lowest": false,
    "platform": {
        "php": ">=5.5"
    },
    "platform-dev": []
}
